
Microsoft Visual Studio Solution File, Format Version 9.00
# Visual Studio 2005
Project("{8BC9CEB8-8B4A-11D0-8D11-00A0C91BC942}") = "DspIDE", "DspIDE.vcproj", "{822B4702-EA8C-4470-876C-AC1BEE623944}"
EndProject
Global
	GlobalSection(SolutionConfigurationPlatforms) = preSolution
		Debug|Win32 = Debug|Win32
		Release|Win32 = Release|Win32
	EndGlobalSection
	GlobalSection(ProjectConfigurationPlatforms) = postSolution
		{822B4702-EA8C-4470-876C-AC1BEE623944}.Debug|Win32.ActiveCfg = Debug|Win32
		{822B4702-EA8C-4470-876C-AC1BEE623944}.Debug|Win32.Build.0 = Debug|Win32
		{822B4702-EA8C-4470-876C-AC1BEE623944}.Release|Win32.ActiveCfg = Release|Win32
		{822B4702-EA8C-4470-876C-AC1BEE623944}.Release|Win32.Build.0 = Release|Win32
	EndGlobalSection
	GlobalSection(SolutionProperties) = preSolution
		HideSolutionNode = FALSE
	EndGlobalSection
EndGlobal
